
Microsoft Visual Studio Solution File, Format Version 12.00
# Visual Studio Version 16
VisualStudioVersion = 16.0.29905.134
MinimumVisualStudioVersion = 10.0.40219.1
Project("{2150E333-8FDC-42A3-9474-1A3956D46DE8}") = "Solution Items", "Solution Items", "{18F70F40-E8C4-46D7-8FF7-0DFA19A71723}"
	ProjectSection(SolutionItems) = preProject
		.editorconfig = .editorconfig
	EndProjectSection
EndProject
Project("{9A19103F-16F7-4668-BE54-9A1E7A4F7556}") = "WinReform", "WinReform\WinReform\WinReform.csproj", "{5106CAC9-A541-43BD-B29F-7D021E3E6B29}"
EndProject
Project("{9A19103F-16F7-4668-BE54-9A1E7A4F7556}") = "WinReform.Domain", "WinReform\WinReform.Domain\WinReform.Domain.csproj", "{E566DD1C-0C60-47AB-9309-5D7C42940D6C}"
EndProject
Project("{9A19103F-16F7-4668-BE54-9A1E7A4F7556}") = "WinReform.Domain.Tests", "Tests\WinReform.Domain.Tests\WinReform.Domain.Tests.csproj", "{CFBD6348-95C2-4D8E-ABF3-2B6D91907E24}"
EndProject
Project("{2150E333-8FDC-42A3-9474-1A3956D46DE8}") = "Tests", "Tests", "{505639D8-7DA4-4E01-9284-835F04F245FD}"
EndProject
Project("{9A19103F-16F7-4668-BE54-9A1E7A4F7556}") = "WinReform.Tests.Fixtures", "Tests\WinReform.Tests.Fixtures\WinReform.Tests.Fixtures.csproj", "{AC217ABC-6F3E-41D9-B9C7-2ABD87E7DDA5}"
EndProject
Project("{9A19103F-16F7-4668-BE54-9A1E7A4F7556}") = "WinReform.Tests.Process.Fixture", "Tests\WinReform.Tests.Process.Fixture\WinReform.Tests.Process.Fixture.csproj", "{116D5589-AEB1-4B93-8E06-463B37053A59}"
EndProject
Project("{9A19103F-16F7-4668-BE54-9A1E7A4F7556}") = "WinReform.Tests.WindowProcess.Fixture", "Tests\WinReform.Tests.WindowProcess.Fixture\WinReform.Tests.WindowProcess.Fixture.csproj", "{8DFC70C7-8E0F-4D07-A67E-4F08D338DE1E}"
EndProject
Project("{9A19103F-16F7-4668-BE54-9A1E7A4F7556}") = "WinReform.Tests", "Tests\WinReform.Tests\WinReform.Tests.csproj", "{EDF9A899-6739-451D-904A-BA43730337F8}"
EndProject
Global
	GlobalSection(SolutionConfigurationPlatforms) = preSolution
		Debug|Any CPU = Debug|Any CPU
		Release|Any CPU = Release|Any CPU
	EndGlobalSection
	GlobalSection(ProjectConfigurationPlatforms) = postSolution
		{5106CAC9-A541-43BD-B29F-7D021E3E6B29}.Debug|Any CPU.ActiveCfg = Debug|Any CPU
		{5106CAC9-A541-43BD-B29F-7D021E3E6B29}.Debug|Any CPU.Build.0 = Debug|Any CPU
		{5106CAC9-A541-43BD-B29F-7D021E3E6B29}.Release|Any CPU.ActiveCfg = Release|Any CPU
		{5106CAC9-A541-43BD-B29F-7D021E3E6B29}.Release|Any CPU.Build.0 = Release|Any CPU
		{E566DD1C-0C60-47AB-9309-5D7C42940D6C}.Debug|Any CPU.ActiveCfg = Debug|Any CPU
		{E566DD1C-0C60-47AB-9309-5D7C42940D6C}.Debug|Any CPU.Build.0 = Debug|Any CPU
		{E566DD1C-0C60-47AB-9309-5D7C42940D6C}.Release|Any CPU.ActiveCfg = Release|Any CPU
		{E566DD1C-0C60-47AB-9309-5D7C42940D6C}.Release|Any CPU.Build.0 = Release|Any CPU
		{CFBD6348-95C2-4D8E-ABF3-2B6D91907E24}.Debug|Any CPU.ActiveCfg = Debug|Any CPU
		{CFBD6348-95C2-4D8E-ABF3-2B6D91907E24}.Debug|Any CPU.Build.0 = Debug|Any CPU
		{CFBD6348-95C2-4D8E-ABF3-2B6D91907E24}.Release|Any CPU.ActiveCfg = Release|Any CPU
		{CFBD6348-95C2-4D8E-ABF3-2B6D91907E24}.Release|Any CPU.Build.0 = Release|Any CPU
		{AC217ABC-6F3E-41D9-B9C7-2ABD87E7DDA5}.Debug|Any CPU.ActiveCfg = Debug|Any CPU
		{AC217ABC-6F3E-41D9-B9C7-2ABD87E7DDA5}.Debug|Any CPU.Build.0 = Debug|Any CPU
		{AC217ABC-6F3E-41D9-B9C7-2ABD87E7DDA5}.Release|Any CPU.ActiveCfg = Release|Any CPU
		{AC217ABC-6F3E-41D9-B9C7-2ABD87E7DDA5}.Release|Any CPU.Build.0 = Release|Any CPU
		{116D5589-AEB1-4B93-8E06-463B37053A59}.Debug|Any CPU.ActiveCfg = Debug|Any CPU
		{116D5589-AEB1-4B93-8E06-463B37053A59}.Debug|Any CPU.Build.0 = Debug|Any CPU
		{116D5589-AEB1-4B93-8E06-463B37053A59}.Release|Any CPU.ActiveCfg = Release|Any CPU
		{116D5589-AEB1-4B93-8E06-463B37053A59}.Release|Any CPU.Build.0 = Release|Any CPU
		{8DFC70C7-8E0F-4D07-A67E-4F08D338DE1E}.Debug|Any CPU.ActiveCfg = Debug|Any CPU
		{8DFC70C7-8E0F-4D07-A67E-4F08D338DE1E}.Debug|Any CPU.Build.0 = Debug|Any CPU
		{8DFC70C7-8E0F-4D07-A67E-4F08D338DE1E}.Release|Any CPU.ActiveCfg = Release|Any CPU
		{8DFC70C7-8E0F-4D07-A67E-4F08D338DE1E}.Release|Any CPU.Build.0 = Release|Any CPU
		{EDF9A899-6739-451D-904A-BA43730337F8}.Debug|Any CPU.ActiveCfg = Debug|Any CPU
		{EDF9A899-6739-451D-904A-BA43730337F8}.Debug|Any CPU.Build.0 = Debug|Any CPU
		{EDF9A899-6739-451D-904A-BA43730337F8}.Release|Any CPU.ActiveCfg = Release|Any CPU
		{EDF9A899-6739-451D-904A-BA43730337F8}.Release|Any CPU.Build.0 = Release|Any CPU
	EndGlobalSection
	GlobalSection(SolutionProperties) = preSolution
		HideSolutionNode = FALSE
	EndGlobalSection
	GlobalSection(NestedProjects) = preSolution
		{CFBD6348-95C2-4D8E-ABF3-2B6D91907E24} = {505639D8-7DA4-4E01-9284-835F04F245FD}
		{AC217ABC-6F3E-41D9-B9C7-2ABD87E7DDA5} = {505639D8-7DA4-4E01-9284-835F04F245FD}
		{116D5589-AEB1-4B93-8E06-463B37053A59} = {505639D8-7DA4-4E01-9284-835F04F245FD}
		{8DFC70C7-8E0F-4D07-A67E-4F08D338DE1E} = {505639D8-7DA4-4E01-9284-835F04F245FD}
		{EDF9A899-6739-451D-904A-BA43730337F8} = {505639D8-7DA4-4E01-9284-835F04F245FD}
	EndGlobalSection
	GlobalSection(ExtensibilityGlobals) = postSolution
		SolutionGuid = {29422841-E57B-4CF3-BE36-7D47F94E6BD9}
	EndGlobalSection
EndGlobal
