
Microsoft Visual Studio Solution File, Format Version 12.00
# Visual Studio Version 16
VisualStudioVersion = 16.0.29905.134
MinimumVisualStudioVersion = 10.0.40219.1
Project("{2150E333-8FDC-42A3-9474-1A3956D46DE8}") = "Solution Items", "Solution Items", "{18F70F40-E8C4-46D7-8FF7-0DFA19A71723}"
	ProjectSection(SolutionItems) = preProject
		.editorconfig = .editorconfig
	EndProjectSection
EndProject
Project("{9A19103F-16F7-4668-BE54-9A1E7A4F7556}") = "Resizer.Gui", "Resizer.Gui\Resizer.Gui.csproj", "{5106CAC9-A541-43BD-B29F-7D021E3E6B29}"
EndProject
Project("{2150E333-8FDC-42A3-9474-1A3956D46DE8}") = "Tests", "Tests", "{37F54EC3-0CBE-4687-BD92-0E58354A067D}"
EndProject
Project("{9A19103F-16F7-4668-BE54-9A1E7A4F7556}") = "Resizer.Domain", "Resizer.Domain\Resizer.Domain.csproj", "{4C23A48E-1D39-4CBB-AC6B-D2686F31A9E8}"
EndProject
Project("{9A19103F-16F7-4668-BE54-9A1E7A4F7556}") = "Resizer.Gui.Tests", "..\Tests\Resizer.Gui.Tests\Resizer.Gui.Tests.csproj", "{7797442B-03C9-4C8E-8E68-2AB52F1440F6}"
EndProject
Project("{9A19103F-16F7-4668-BE54-9A1E7A4F7556}") = "Resizer.Domain.Tests", "..\Tests\Resizer.Domain.Tests\Resizer.Domain.Tests.csproj", "{CFBD6348-95C2-4D8E-ABF3-2B6D91907E24}"
EndProject
Global
	GlobalSection(SolutionConfigurationPlatforms) = preSolution
		Debug|Any CPU = Debug|Any CPU
		Release|Any CPU = Release|Any CPU
	EndGlobalSection
	GlobalSection(ProjectConfigurationPlatforms) = postSolution
		{5106CAC9-A541-43BD-B29F-7D021E3E6B29}.Debug|Any CPU.ActiveCfg = Debug|Any CPU
		{5106CAC9-A541-43BD-B29F-7D021E3E6B29}.Debug|Any CPU.Build.0 = Debug|Any CPU
		{5106CAC9-A541-43BD-B29F-7D021E3E6B29}.Release|Any CPU.ActiveCfg = Release|Any CPU
		{5106CAC9-A541-43BD-B29F-7D021E3E6B29}.Release|Any CPU.Build.0 = Release|Any CPU
		{4C23A48E-1D39-4CBB-AC6B-D2686F31A9E8}.Debug|Any CPU.ActiveCfg = Debug|Any CPU
		{4C23A48E-1D39-4CBB-AC6B-D2686F31A9E8}.Debug|Any CPU.Build.0 = Debug|Any CPU
		{4C23A48E-1D39-4CBB-AC6B-D2686F31A9E8}.Release|Any CPU.ActiveCfg = Release|Any CPU
		{4C23A48E-1D39-4CBB-AC6B-D2686F31A9E8}.Release|Any CPU.Build.0 = Release|Any CPU
		{7797442B-03C9-4C8E-8E68-2AB52F1440F6}.Debug|Any CPU.ActiveCfg = Debug|Any CPU
		{7797442B-03C9-4C8E-8E68-2AB52F1440F6}.Debug|Any CPU.Build.0 = Debug|Any CPU
		{7797442B-03C9-4C8E-8E68-2AB52F1440F6}.Release|Any CPU.ActiveCfg = Release|Any CPU
		{7797442B-03C9-4C8E-8E68-2AB52F1440F6}.Release|Any CPU.Build.0 = Release|Any CPU
		{CFBD6348-95C2-4D8E-ABF3-2B6D91907E24}.Debug|Any CPU.ActiveCfg = Debug|Any CPU
		{CFBD6348-95C2-4D8E-ABF3-2B6D91907E24}.Debug|Any CPU.Build.0 = Debug|Any CPU
		{CFBD6348-95C2-4D8E-ABF3-2B6D91907E24}.Release|Any CPU.ActiveCfg = Release|Any CPU
		{CFBD6348-95C2-4D8E-ABF3-2B6D91907E24}.Release|Any CPU.Build.0 = Release|Any CPU
	EndGlobalSection
	GlobalSection(SolutionProperties) = preSolution
		HideSolutionNode = FALSE
	EndGlobalSection
	GlobalSection(NestedProjects) = preSolution
		{7797442B-03C9-4C8E-8E68-2AB52F1440F6} = {37F54EC3-0CBE-4687-BD92-0E58354A067D}
		{CFBD6348-95C2-4D8E-ABF3-2B6D91907E24} = {37F54EC3-0CBE-4687-BD92-0E58354A067D}
	EndGlobalSection
	GlobalSection(ExtensibilityGlobals) = postSolution
		SolutionGuid = {29422841-E57B-4CF3-BE36-7D47F94E6BD9}
	EndGlobalSection
EndGlobal
